
Microsoft Visual Studio Solution File, Format Version 12.00
# Visual Studio Version 16
VisualStudioVersion = 16.0.31624.102
MinimumVisualStudioVersion = 10.0.40219.1
Project("{9A19103F-16F7-4668-BE54-9A1E7A4F7556}") = "Vendor", "Vendor.csproj", "{7B880A4E-4A13-46DC-B590-59C6E333F3CA}"
EndProject
Project("{FAE04EC0-301F-11D3-BF4B-00C04F79EFBC}") = "Vendor.DataAccess", "C:\Users\ashleys\source\repos\Vendor.DataAccess\Vendor.DataAccess.csproj", "{7EE52570-E207-48E3-A187-A4089F30F0EB}"
EndProject
Project("{FAE04EC0-301F-11D3-BF4B-00C04F79EFBC}") = "Vendor.Entities", "C:\Users\ashleys\source\repos\Vendor.Entities\Vendor.Entities.csproj", "{04647715-8940-4AC3-8C5E-DD398B308CB5}"
EndProject
Global
	GlobalSection(SolutionConfigurationPlatforms) = preSolution
		Debug|Any CPU = Debug|Any CPU
		Release|Any CPU = Release|Any CPU
	EndGlobalSection
	GlobalSection(ProjectConfigurationPlatforms) = postSolution
		{7B880A4E-4A13-46DC-B590-59C6E333F3CA}.Debug|Any CPU.ActiveCfg = Debug|Any CPU
		{7B880A4E-4A13-46DC-B590-59C6E333F3CA}.Debug|Any CPU.Build.0 = Debug|Any CPU
		{7B880A4E-4A13-46DC-B590-59C6E333F3CA}.Release|Any CPU.ActiveCfg = Release|Any CPU
		{7B880A4E-4A13-46DC-B590-59C6E333F3CA}.Release|Any CPU.Build.0 = Release|Any CPU
		{7EE52570-E207-48E3-A187-A4089F30F0EB}.Debug|Any CPU.ActiveCfg = Debug|Any CPU
		{7EE52570-E207-48E3-A187-A4089F30F0EB}.Debug|Any CPU.Build.0 = Debug|Any CPU
		{7EE52570-E207-48E3-A187-A4089F30F0EB}.Release|Any CPU.ActiveCfg = Release|Any CPU
		{7EE52570-E207-48E3-A187-A4089F30F0EB}.Release|Any CPU.Build.0 = Release|Any CPU
		{04647715-8940-4AC3-8C5E-DD398B308CB5}.Debug|Any CPU.ActiveCfg = Debug|Any CPU
		{04647715-8940-4AC3-8C5E-DD398B308CB5}.Debug|Any CPU.Build.0 = Debug|Any CPU
		{04647715-8940-4AC3-8C5E-DD398B308CB5}.Release|Any CPU.ActiveCfg = Release|Any CPU
		{04647715-8940-4AC3-8C5E-DD398B308CB5}.Release|Any CPU.Build.0 = Release|Any CPU
	EndGlobalSection
	GlobalSection(SolutionProperties) = preSolution
		HideSolutionNode = FALSE
	EndGlobalSection
	GlobalSection(ExtensibilityGlobals) = postSolution
		SolutionGuid = {1BFB0689-0349-47DA-B8EF-DA0C53FCCEFC}
	EndGlobalSection
EndGlobal
